{
  "object": {
    "pins": [
      {
        "package": "Path.swift",
        "repositoryURL": "https://github.com/mxcl/Path.swift.git",
        "state": {
          "branch": null,
          "revision": "f062ed9ce3729fb3ba3f43573136d2a0e0c6d209",
          "version": "1.0.0"
        }
      },
      {
        "package": "swift-argument-parser",
        "repositoryURL": "https://github.com/apple/swift-argument-parser.git",
        "state": {
          "branch": "2d8a9bd",
          "revision": "2d8a9bd1badfcf33fa96534d8db93c09d7884c72",
          "version": null
        }
      },
      {
        "package": "TextTable",
        "repositoryURL": "https://github.com/cfilipov/TextTable.git",
        "state": {
          "branch": "master",
          "revision": "e03289289155b4e7aa565e32862f9cb42140596a",
          "version": null
        }
      },
      {
        "package": "XMLCoder",
        "repositoryURL": "https://github.com/MaxDesiatov/XMLCoder.git",
        "state": {
          "branch": "master",
          "revision": "ae6a0f0112254ca80a7b60b6bd2a40dfe0243643",
          "version": null
        }
      }
    ]
  },
  "version": 1
}
